
Microsoft Visual Studio Solution File, Format Version 12.00
# Visual Studio Version 17
VisualStudioVersion = 17.5.33530.505
MinimumVisualStudioVersion = 10.0.40219.1
Project("{9A19103F-16F7-4668-BE54-9A1E7A4F7556}") = "TaskCompletionSourceDemo", "TaskCompletionSourceDemo\TaskCompletionSourceDemo.csproj", "{52164004-7903-467F-B227-AE2D69C11C2D}"
EndProject
Project("{9A19103F-16F7-4668-BE54-9A1E7A4F7556}") = "ContinueWithDemo", "ContinueWithDemo\ContinueWithDemo\ContinueWithDemo.csproj", "{9C3584A6-D8D7-412D-BADB-7146B1203422}"
EndProject
Project("{9A19103F-16F7-4668-BE54-9A1E7A4F7556}") = "ContinueWithDemoTests", "ContinueWithDemo\ContinueWithDemoTests\ContinueWithDemoTests.csproj", "{8A46078B-4156-4A57-8D3D-F19DF167FDB8}"
EndProject
Project("{9A19103F-16F7-4668-BE54-9A1E7A4F7556}") = "LazyDemo", "LazyDemo\LazyDemo.csproj", "{323819B1-7FCC-4D0A-938C-D9676C9ED116}"
EndProject
Project("{FAE04EC0-301F-11D3-BF4B-00C04F79EFBC}") = "CallbackPreConditions", "CallbackPreConditions\CallbackPreConditions.csproj", "{915665AA-8A6F-4F4D-B784-51AA9C51172B}"
EndProject
Global
	GlobalSection(SolutionConfigurationPlatforms) = preSolution
		Debug|Any CPU = Debug|Any CPU
		Release|Any CPU = Release|Any CPU
	EndGlobalSection
	GlobalSection(ProjectConfigurationPlatforms) = postSolution
		{52164004-7903-467F-B227-AE2D69C11C2D}.Debug|Any CPU.ActiveCfg = Debug|Any CPU
		{52164004-7903-467F-B227-AE2D69C11C2D}.Debug|Any CPU.Build.0 = Debug|Any CPU
		{52164004-7903-467F-B227-AE2D69C11C2D}.Release|Any CPU.ActiveCfg = Release|Any CPU
		{52164004-7903-467F-B227-AE2D69C11C2D}.Release|Any CPU.Build.0 = Release|Any CPU
		{9C3584A6-D8D7-412D-BADB-7146B1203422}.Debug|Any CPU.ActiveCfg = Debug|Any CPU
		{9C3584A6-D8D7-412D-BADB-7146B1203422}.Debug|Any CPU.Build.0 = Debug|Any CPU
		{9C3584A6-D8D7-412D-BADB-7146B1203422}.Release|Any CPU.ActiveCfg = Release|Any CPU
		{9C3584A6-D8D7-412D-BADB-7146B1203422}.Release|Any CPU.Build.0 = Release|Any CPU
		{8A46078B-4156-4A57-8D3D-F19DF167FDB8}.Debug|Any CPU.ActiveCfg = Debug|Any CPU
		{8A46078B-4156-4A57-8D3D-F19DF167FDB8}.Debug|Any CPU.Build.0 = Debug|Any CPU
		{8A46078B-4156-4A57-8D3D-F19DF167FDB8}.Release|Any CPU.ActiveCfg = Release|Any CPU
		{8A46078B-4156-4A57-8D3D-F19DF167FDB8}.Release|Any CPU.Build.0 = Release|Any CPU
		{323819B1-7FCC-4D0A-938C-D9676C9ED116}.Debug|Any CPU.ActiveCfg = Debug|Any CPU
		{323819B1-7FCC-4D0A-938C-D9676C9ED116}.Debug|Any CPU.Build.0 = Debug|Any CPU
		{323819B1-7FCC-4D0A-938C-D9676C9ED116}.Release|Any CPU.ActiveCfg = Release|Any CPU
		{323819B1-7FCC-4D0A-938C-D9676C9ED116}.Release|Any CPU.Build.0 = Release|Any CPU
		{915665AA-8A6F-4F4D-B784-51AA9C51172B}.Debug|Any CPU.ActiveCfg = Debug|Any CPU
		{915665AA-8A6F-4F4D-B784-51AA9C51172B}.Debug|Any CPU.Build.0 = Debug|Any CPU
		{915665AA-8A6F-4F4D-B784-51AA9C51172B}.Release|Any CPU.ActiveCfg = Release|Any CPU
		{915665AA-8A6F-4F4D-B784-51AA9C51172B}.Release|Any CPU.Build.0 = Release|Any CPU
	EndGlobalSection
	GlobalSection(SolutionProperties) = preSolution
		HideSolutionNode = FALSE
	EndGlobalSection
	GlobalSection(ExtensibilityGlobals) = postSolution
		SolutionGuid = {E28EB3B1-3819-4E36-A74D-5EABC1A19B00}
	EndGlobalSection
EndGlobal
